
Microsoft Visual Studio Solution File, Format Version 12.00
# Visual Studio 15
VisualStudioVersion = 15.0.28307.705
MinimumVisualStudioVersion = 10.0.40219.1
Project("{FAE04EC0-301F-11D3-BF4B-00C04F79EFBC}") = "ListView.Android", "ListView\ListView.Android\ListView.Android.csproj", "{97074789-C55F-4245-8920-5DBF4ADD9FD1}"
EndProject
Project("{FAE04EC0-301F-11D3-BF4B-00C04F79EFBC}") = "ListView.iOS", "ListView\ListView.iOS\ListView.iOS.csproj", "{F6647D9A-651B-42B5-B337-6A876CA20D7C}"
EndProject
Project("{FAE04EC0-301F-11D3-BF4B-00C04F79EFBC}") = "ListView.UWP", "ListView\ListView.UWP\ListView.UWP.csproj", "{994BC637-10A2-468A-959E-4866D9A87F28}"
EndProject
Project("{FAE04EC0-301F-11D3-BF4B-00C04F79EFBC}") = "ListView", "ListView\ListView\ListView.csproj", "{7CABC3CF-9241-452F-87F5-44D2F7475F02}"
EndProject
Global
	GlobalSection(SolutionConfigurationPlatforms) = preSolution
		Ad-Hoc|Any CPU = Ad-Hoc|Any CPU
		Ad-Hoc|ARM = Ad-Hoc|ARM
		Ad-Hoc|iPhone = Ad-Hoc|iPhone
		Ad-Hoc|iPhoneSimulator = Ad-Hoc|iPhoneSimulator
		Ad-Hoc|x64 = Ad-Hoc|x64
		Ad-Hoc|x86 = Ad-Hoc|x86
		AppStore|Any CPU = AppStore|Any CPU
		AppStore|ARM = AppStore|ARM
		AppStore|iPhone = AppStore|iPhone
		AppStore|iPhoneSimulator = AppStore|iPhoneSimulator
		AppStore|x64 = AppStore|x64
		AppStore|x86 = AppStore|x86
		Debug|Any CPU = Debug|Any CPU
		Debug|ARM = Debug|ARM
		Debug|iPhone = Debug|iPhone
		Debug|iPhoneSimulator = Debug|iPhoneSimulator
		Debug|x64 = Debug|x64
		Debug|x86 = Debug|x86
		Release|Any CPU = Release|Any CPU
		Release|ARM = Release|ARM
		Release|iPhone = Release|iPhone
		Release|iPhoneSimulator = Release|iPhoneSimulator
		Release|x64 = Release|x64
		Release|x86 = Release|x86
	EndGlobalSection
	GlobalSection(ProjectConfigurationPlatforms) = postSolution
		{97074789-C55F-4245-8920-5DBF4ADD9FD1}.Ad-Hoc|Any CPU.ActiveCfg = Release|Any CPU
		{97074789-C55F-4245-8920-5DBF4ADD9FD1}.Ad-Hoc|Any CPU.Build.0 = Release|Any CPU
		{97074789-C55F-4245-8920-5DBF4ADD9FD1}.Ad-Hoc|Any CPU.Deploy.0 = Release|Any CPU
		{97074789-C55F-4245-8920-5DBF4ADD9FD1}.Ad-Hoc|ARM.ActiveCfg = Release|Any CPU
		{97074789-C55F-4245-8920-5DBF4ADD9FD1}.Ad-Hoc|ARM.Build.0 = Release|Any CPU
		{97074789-C55F-4245-8920-5DBF4ADD9FD1}.Ad-Hoc|ARM.Deploy.0 = Release|Any CPU
		{97074789-C55F-4245-8920-5DBF4ADD9FD1}.Ad-Hoc|iPhone.ActiveCfg = Release|Any CPU
		{97074789-C55F-4245-8920-5DBF4ADD9FD1}.Ad-Hoc|iPhone.Build.0 = Release|Any CPU
		{97074789-C55F-4245-8920-5DBF4ADD9FD1}.Ad-Hoc|iPhone.Deploy.0 = Release|Any CPU
		{97074789-C55F-4245-8920-5DBF4ADD9FD1}.Ad-Hoc|iPhoneSimulator.ActiveCfg = Release|Any CPU
		{97074789-C55F-4245-8920-5DBF4ADD9FD1}.Ad-Hoc|iPhoneSimulator.Build.0 = Release|Any CPU
		{97074789-C55F-4245-8920-5DBF4ADD9FD1}.Ad-Hoc|iPhoneSimulator.Deploy.0 = Release|Any CPU
		{97074789-C55F-4245-8920-5DBF4ADD9FD1}.Ad-Hoc|x64.ActiveCfg = Release|Any CPU
		{97074789-C55F-4245-8920-5DBF4ADD9FD1}.Ad-Hoc|x64.Build.0 = Release|Any CPU
		{97074789-C55F-4245-8920-5DBF4ADD9FD1}.Ad-Hoc|x64.Deploy.0 = Release|Any CPU
		{97074789-C55F-4245-8920-5DBF4ADD9FD1}.Ad-Hoc|x86.ActiveCfg = Release|Any CPU
		{97074789-C55F-4245-8920-5DBF4ADD9FD1}.Ad-Hoc|x86.Build.0 = Release|Any CPU
		{97074789-C55F-4245-8920-5DBF4ADD9FD1}.Ad-Hoc|x86.Deploy.0 = Release|Any CPU
		{97074789-C55F-4245-8920-5DBF4ADD9FD1}.AppStore|Any CPU.ActiveCfg = Release|Any CPU
		{97074789-C55F-4245-8920-5DBF4ADD9FD1}.AppStore|Any CPU.Build.0 = Release|Any CPU
		{97074789-C55F-4245-8920-5DBF4ADD9FD1}.AppStore|Any CPU.Deploy.0 = Release|Any CPU
		{97074789-C55F-4245-8920-5DBF4ADD9FD1}.AppStore|ARM.ActiveCfg = Release|Any CPU
		{97074789-C55F-4245-8920-5DBF4ADD9FD1}.AppStore|ARM.Build.0 = Release|Any CPU
		{97074789-C55F-4245-8920-5DBF4ADD9FD1}.AppStore|ARM.Deploy.0 = Release|Any CPU
		{97074789-C55F-4245-8920-5DBF4ADD9FD1}.AppStore|iPhone.ActiveCfg = Release|Any CPU
		{97074789-C55F-4245-8920-5DBF4ADD9FD1}.AppStore|iPhone.Build.0 = Release|Any CPU
		{97074789-C55F-4245-8920-5DBF4ADD9FD1}.AppStore|iPhone.Deploy.0 = Release|Any CPU
		{97074789-C55F-4245-8920-5DBF4ADD9FD1}.AppStore|iPhoneSimulator.ActiveCfg = Release|Any CPU
		{97074789-C55F-4245-8920-5DBF4ADD9FD1}.AppStore|iPhoneSimulator.Build.0 = Release|Any CPU
		{97074789-C55F-4245-8920-5DBF4ADD9FD1}.AppStore|iPhoneSimulator.Deploy.0 = Release|Any CPU
		{97074789-C55F-4245-8920-5DBF4ADD9FD1}.AppStore|x64.ActiveCfg = Release|Any CPU
		{97074789-C55F-4245-8920-5DBF4ADD9FD1}.AppStore|x64.Build.0 = Release|Any CPU
		{97074789-C55F-4245-8920-5DBF4ADD9FD1}.AppStore|x64.Deploy.0 = Release|Any CPU
		{97074789-C55F-4245-8920-5DBF4ADD9FD1}.AppStore|x86.ActiveCfg = Release|Any CPU
		{97074789-C55F-4245-8920-5DBF4ADD9FD1}.AppStore|x86.Build.0 = Release|Any CPU
		{97074789-C55F-4245-8920-5DBF4ADD9FD1}.AppStore|x86.Deploy.0 = Release|Any CPU
		{97074789-C55F-4245-8920-5DBF4ADD9FD1}.Debug|Any CPU.ActiveCfg = Debug|Any CPU
		{97074789-C55F-4245-8920-5DBF4ADD9FD1}.Debug|Any CPU.Build.0 = Debug|Any CPU
		{97074789-C55F-4245-8920-5DBF4ADD9FD1}.Debug|Any CPU.Deploy.0 = Debug|Any CPU
		{97074789-C55F-4245-8920-5DBF4ADD9FD1}.Debug|ARM.ActiveCfg = Debug|Any CPU
		{97074789-C55F-4245-8920-5DBF4ADD9FD1}.Debug|ARM.Build.0 = Debug|Any CPU
		{97074789-C55F-4245-8920-5DBF4ADD9FD1}.Debug|ARM.Deploy.0 = Debug|Any CPU
		{97074789-C55F-4245-8920-5DBF4ADD9FD1}.Debug|iPhone.ActiveCfg = Debug|Any CPU
		{97074789-C55F-4245-8920-5DBF4ADD9FD1}.Debug|iPhone.Build.0 = Debug|Any CPU
		{97074789-C55F-4245-8920-5DBF4ADD9FD1}.Debug|iPhone.Deploy.0 = Debug|Any CPU
		{97074789-C55F-4245-8920-5DBF4ADD9FD1}.Debug|iPhoneSimulator.ActiveCfg = Debug|Any CPU
		{97074789-C55F-4245-8920-5DBF4ADD9FD1}.Debug|iPhoneSimulator.Build.0 = Debug|Any CPU
		{97074789-C55F-4245-8920-5DBF4ADD9FD1}.Debug|iPhoneSimulator.Deploy.0 = Debug|Any CPU
		{97074789-C55F-4245-8920-5DBF4ADD9FD1}.Debug|x64.ActiveCfg = Debug|Any CPU
		{97074789-C55F-4245-8920-5DBF4ADD9FD1}.Debug|x64.Build.0 = Debug|Any CPU
		{97074789-C55F-4245-8920-5DBF4ADD9FD1}.Debug|x64.Deploy.0 = Debug|Any CPU
		{97074789-C55F-4245-8920-5DBF4ADD9FD1}.Debug|x86.ActiveCfg = Debug|Any CPU
		{97074789-C55F-4245-8920-5DBF4ADD9FD1}.Debug|x86.Build.0 = Debug|Any CPU
		{97074789-C55F-4245-8920-5DBF4ADD9FD1}.Debug|x86.Deploy.0 = Debug|Any CPU
		{97074789-C55F-4245-8920-5DBF4ADD9FD1}.Release|Any CPU.ActiveCfg = Release|Any CPU
		{97074789-C55F-4245-8920-5DBF4ADD9FD1}.Release|Any CPU.Build.0 = Release|Any CPU
		{97074789-C55F-4245-8920-5DBF4ADD9FD1}.Release|Any CPU.Deploy.0 = Release|Any CPU
		{97074789-C55F-4245-8920-5DBF4ADD9FD1}.Release|ARM.ActiveCfg = Release|Any CPU
		{97074789-C55F-4245-8920-5DBF4ADD9FD1}.Release|ARM.Build.0 = Release|Any CPU
		{97074789-C55F-4245-8920-5DBF4ADD9FD1}.Release|ARM.Deploy.0 = Release|Any CPU
		{97074789-C55F-4245-8920-5DBF4ADD9FD1}.Release|iPhone.ActiveCfg = Release|Any CPU
		{97074789-C55F-4245-8920-5DBF4ADD9FD1}.Release|iPhone.Build.0 = Release|Any CPU
		{97074789-C55F-4245-8920-5DBF4ADD9FD1}.Release|iPhone.Deploy.0 = Release|Any CPU
		{97074789-C55F-4245-8920-5DBF4ADD9FD1}.Release|iPhoneSimulator.ActiveCfg = Release|Any CPU
		{97074789-C55F-4245-8920-5DBF4ADD9FD1}.Release|iPhoneSimulator.Build.0 = Release|Any CPU
		{97074789-C55F-4245-8920-5DBF4ADD9FD1}.Release|iPhoneSimulator.Deploy.0 = Release|Any CPU
		{97074789-C55F-4245-8920-5DBF4ADD9FD1}.Release|x64.ActiveCfg = Release|Any CPU
		{97074789-C55F-4245-8920-5DBF4ADD9FD1}.Release|x64.Build.0 = Release|Any CPU
		{97074789-C55F-4245-8920-5DBF4ADD9FD1}.Release|x64.Deploy.0 = Release|Any CPU
		{97074789-C55F-4245-8920-5DBF4ADD9FD1}.Release|x86.ActiveCfg = Release|Any CPU
		{97074789-C55F-4245-8920-5DBF4ADD9FD1}.Release|x86.Build.0 = Release|Any CPU
		{97074789-C55F-4245-8920-5DBF4ADD9FD1}.Release|x86.Deploy.0 = Release|Any CPU
		{F6647D9A-651B-42B5-B337-6A876CA20D7C}.Ad-Hoc|Any CPU.ActiveCfg = Ad-Hoc|iPhone
		{F6647D9A-651B-42B5-B337-6A876CA20D7C}.Ad-Hoc|Any CPU.Build.0 = Ad-Hoc|iPhone
		{F6647D9A-651B-42B5-B337-6A876CA20D7C}.Ad-Hoc|Any CPU.Deploy.0 = Ad-Hoc|iPhone
		{F6647D9A-651B-42B5-B337-6A876CA20D7C}.Ad-Hoc|ARM.ActiveCfg = Ad-Hoc|iPhone
		{F6647D9A-651B-42B5-B337-6A876CA20D7C}.Ad-Hoc|ARM.Build.0 = Ad-Hoc|iPhone
		{F6647D9A-651B-42B5-B337-6A876CA20D7C}.Ad-Hoc|ARM.Deploy.0 = Ad-Hoc|iPhone
		{F6647D9A-651B-42B5-B337-6A876CA20D7C}.Ad-Hoc|iPhone.ActiveCfg = Ad-Hoc|iPhone
		{F6647D9A-651B-42B5-B337-6A876CA20D7C}.Ad-Hoc|iPhone.Build.0 = Ad-Hoc|iPhone
		{F6647D9A-651B-42B5-B337-6A876CA20D7C}.Ad-Hoc|iPhone.Deploy.0 = Ad-Hoc|iPhone
		{F6647D9A-651B-42B5-B337-6A876CA20D7C}.Ad-Hoc|iPhoneSimulator.ActiveCfg = Ad-Hoc|iPhoneSimulator
		{F6647D9A-651B-42B5-B337-6A876CA20D7C}.Ad-Hoc|iPhoneSimulator.Build.0 = Ad-Hoc|iPhoneSimulator
		{F6647D9A-651B-42B5-B337-6A876CA20D7C}.Ad-Hoc|iPhoneSimulator.Deploy.0 = Ad-Hoc|iPhoneSimulator
		{F6647D9A-651B-42B5-B337-6A876CA20D7C}.Ad-Hoc|x64.ActiveCfg = Ad-Hoc|iPhone
		{F6647D9A-651B-42B5-B337-6A876CA20D7C}.Ad-Hoc|x64.Build.0 = Ad-Hoc|iPhone
		{F6647D9A-651B-42B5-B337-6A876CA20D7C}.Ad-Hoc|x64.Deploy.0 = Ad-Hoc|iPhone
		{F6647D9A-651B-42B5-B337-6A876CA20D7C}.Ad-Hoc|x86.ActiveCfg = Ad-Hoc|iPhone
		{F6647D9A-651B-42B5-B337-6A876CA20D7C}.Ad-Hoc|x86.Build.0 = Ad-Hoc|iPhone
		{F6647D9A-651B-42B5-B337-6A876CA20D7C}.Ad-Hoc|x86.Deploy.0 = Ad-Hoc|iPhone
		{F6647D9A-651B-42B5-B337-6A876CA20D7C}.AppStore|Any CPU.ActiveCfg = AppStore|iPhone
		{F6647D9A-651B-42B5-B337-6A876CA20D7C}.AppStore|Any CPU.Build.0 = AppStore|iPhone
		{F6647D9A-651B-42B5-B337-6A876CA20D7C}.AppStore|Any CPU.Deploy.0 = AppStore|iPhone
		{F6647D9A-651B-42B5-B337-6A876CA20D7C}.AppStore|ARM.ActiveCfg = AppStore|iPhone
		{F6647D9A-651B-42B5-B337-6A876CA20D7C}.AppStore|ARM.Build.0 = AppStore|iPhone
		{F6647D9A-651B-42B5-B337-6A876CA20D7C}.AppStore|ARM.Deploy.0 = AppStore|iPhone
		{F6647D9A-651B-42B5-B337-6A876CA20D7C}.AppStore|iPhone.ActiveCfg = AppStore|iPhone
		{F6647D9A-651B-42B5-B337-6A876CA20D7C}.AppStore|iPhone.Build.0 = AppStore|iPhone
		{F6647D9A-651B-42B5-B337-6A876CA20D7C}.AppStore|iPhone.Deploy.0 = AppStore|iPhone
		{F6647D9A-651B-42B5-B337-6A876CA20D7C}.AppStore|iPhoneSimulator.ActiveCfg = AppStore|iPhoneSimulator
		{F6647D9A-651B-42B5-B337-6A876CA20D7C}.AppStore|iPhoneSimulator.Build.0 = AppStore|iPhoneSimulator
		{F6647D9A-651B-42B5-B337-6A876CA20D7C}.AppStore|iPhoneSimulator.Deploy.0 = AppStore|iPhoneSimulator
		{F6647D9A-651B-42B5-B337-6A876CA20D7C}.AppStore|x64.ActiveCfg = AppStore|iPhone
		{F6647D9A-651B-42B5-B337-6A876CA20D7C}.AppStore|x64.Build.0 = AppStore|iPhone
		{F6647D9A-651B-42B5-B337-6A876CA20D7C}.AppStore|x64.Deploy.0 = AppStore|iPhone
		{F6647D9A-651B-42B5-B337-6A876CA20D7C}.AppStore|x86.ActiveCfg = AppStore|iPhone
		{F6647D9A-651B-42B5-B337-6A876CA20D7C}.AppStore|x86.Build.0 = AppStore|iPhone
		{F6647D9A-651B-42B5-B337-6A876CA20D7C}.AppStore|x86.Deploy.0 = AppStore|iPhone
		{F6647D9A-651B-42B5-B337-6A876CA20D7C}.Debug|Any CPU.ActiveCfg = Debug|iPhoneSimulator
		{F6647D9A-651B-42B5-B337-6A876CA20D7C}.Debug|Any CPU.Build.0 = Debug|iPhoneSimulator
		{F6647D9A-651B-42B5-B337-6A876CA20D7C}.Debug|Any CPU.Deploy.0 = Debug|iPhoneSimulator
		{F6647D9A-651B-42B5-B337-6A876CA20D7C}.Debug|ARM.ActiveCfg = Debug|iPhone
		{F6647D9A-651B-42B5-B337-6A876CA20D7C}.Debug|ARM.Build.0 = Debug|iPhone
		{F6647D9A-651B-42B5-B337-6A876CA20D7C}.Debug|ARM.Deploy.0 = Debug|iPhone
		{F6647D9A-651B-42B5-B337-6A876CA20D7C}.Debug|iPhone.ActiveCfg = Debug|iPhone
		{F6647D9A-651B-42B5-B337-6A876CA20D7C}.Debug|iPhone.Build.0 = Debug|iPhone
		{F6647D9A-651B-42B5-B337-6A876CA20D7C}.Debug|iPhone.Deploy.0 = Debug|iPhone
		{F6647D9A-651B-42B5-B337-6A876CA20D7C}.Debug|iPhoneSimulator.ActiveCfg = Debug|iPhoneSimulator
		{F6647D9A-651B-42B5-B337-6A876CA20D7C}.Debug|iPhoneSimulator.Build.0 = Debug|iPhoneSimulator
		{F6647D9A-651B-42B5-B337-6A876CA20D7C}.Debug|iPhoneSimulator.Deploy.0 = Debug|iPhoneSimulator
		{F6647D9A-651B-42B5-B337-6A876CA20D7C}.Debug|x64.ActiveCfg = Debug|iPhone
		{F6647D9A-651B-42B5-B337-6A876CA20D7C}.Debug|x64.Build.0 = Debug|iPhone
		{F6647D9A-651B-42B5-B337-6A876CA20D7C}.Debug|x64.Deploy.0 = Debug|iPhone
		{F6647D9A-651B-42B5-B337-6A876CA20D7C}.Debug|x86.ActiveCfg = Debug|iPhone
		{F6647D9A-651B-42B5-B337-6A876CA20D7C}.Debug|x86.Build.0 = Debug|iPhone
		{F6647D9A-651B-42B5-B337-6A876CA20D7C}.Debug|x86.Deploy.0 = Debug|iPhone
		{F6647D9A-651B-42B5-B337-6A876CA20D7C}.Release|Any CPU.ActiveCfg = Release|iPhone
		{F6647D9A-651B-42B5-B337-6A876CA20D7C}.Release|Any CPU.Build.0 = Release|iPhone
		{F6647D9A-651B-42B5-B337-6A876CA20D7C}.Release|Any CPU.Deploy.0 = Release|iPhone
		{F6647D9A-651B-42B5-B337-6A876CA20D7C}.Release|ARM.ActiveCfg = Release|iPhone
		{F6647D9A-651B-42B5-B337-6A876CA20D7C}.Release|ARM.Build.0 = Release|iPhone
		{F6647D9A-651B-42B5-B337-6A876CA20D7C}.Release|ARM.Deploy.0 = Release|iPhone
		{F6647D9A-651B-42B5-B337-6A876CA20D7C}.Release|iPhone.ActiveCfg = Release|iPhone
		{F6647D9A-651B-42B5-B337-6A876CA20D7C}.Release|iPhone.Build.0 = Release|iPhone
		{F6647D9A-651B-42B5-B337-6A876CA20D7C}.Release|iPhone.Deploy.0 = Release|iPhone
		{F6647D9A-651B-42B5-B337-6A876CA20D7C}.Release|iPhoneSimulator.ActiveCfg = Release|iPhoneSimulator
		{F6647D9A-651B-42B5-B337-6A876CA20D7C}.Release|iPhoneSimulator.Build.0 = Release|iPhoneSimulator
		{F6647D9A-651B-42B5-B337-6A876CA20D7C}.Release|iPhoneSimulator.Deploy.0 = Release|iPhoneSimulator
		{F6647D9A-651B-42B5-B337-6A876CA20D7C}.Release|x64.ActiveCfg = Release|iPhone
		{F6647D9A-651B-42B5-B337-6A876CA20D7C}.Release|x64.Build.0 = Release|iPhone
		{F6647D9A-651B-42B5-B337-6A876CA20D7C}.Release|x64.Deploy.0 = Release|iPhone
		{F6647D9A-651B-42B5-B337-6A876CA20D7C}.Release|x86.ActiveCfg = Release|iPhone
		{F6647D9A-651B-42B5-B337-6A876CA20D7C}.Release|x86.Build.0 = Release|iPhone
		{F6647D9A-651B-42B5-B337-6A876CA20D7C}.Release|x86.Deploy.0 = Release|iPhone
		{994BC637-10A2-468A-959E-4866D9A87F28}.Ad-Hoc|Any CPU.ActiveCfg = Release|x86
		{994BC637-10A2-468A-959E-4866D9A87F28}.Ad-Hoc|Any CPU.Build.0 = Release|x86
		{994BC637-10A2-468A-959E-4866D9A87F28}.Ad-Hoc|Any CPU.Deploy.0 = Release|x86
		{994BC637-10A2-468A-959E-4866D9A87F28}.Ad-Hoc|ARM.ActiveCfg = Release|ARM
		{994BC637-10A2-468A-959E-4866D9A87F28}.Ad-Hoc|ARM.Build.0 = Release|ARM
		{994BC637-10A2-468A-959E-4866D9A87F28}.Ad-Hoc|ARM.Deploy.0 = Release|ARM
		{994BC637-10A2-468A-959E-4866D9A87F28}.Ad-Hoc|iPhone.ActiveCfg = Release|x86
		{994BC637-10A2-468A-959E-4866D9A87F28}.Ad-Hoc|iPhone.Build.0 = Release|x86
		{994BC637-10A2-468A-959E-4866D9A87F28}.Ad-Hoc|iPhone.Deploy.0 = Release|x86
		{994BC637-10A2-468A-959E-4866D9A87F28}.Ad-Hoc|iPhoneSimulator.ActiveCfg = Release|x86
		{994BC637-10A2-468A-959E-4866D9A87F28}.Ad-Hoc|iPhoneSimulator.Build.0 = Release|x86
		{994BC637-10A2-468A-959E-4866D9A87F28}.Ad-Hoc|iPhoneSimulator.Deploy.0 = Release|x86
		{994BC637-10A2-468A-959E-4866D9A87F28}.Ad-Hoc|x64.ActiveCfg = Release|x64
		{994BC637-10A2-468A-959E-4866D9A87F28}.Ad-Hoc|x64.Build.0 = Release|x64
		{994BC637-10A2-468A-959E-4866D9A87F28}.Ad-Hoc|x64.Deploy.0 = Release|x64
		{994BC637-10A2-468A-959E-4866D9A87F28}.Ad-Hoc|x86.ActiveCfg = Release|x86
		{994BC637-10A2-468A-959E-4866D9A87F28}.Ad-Hoc|x86.Build.0 = Release|x86
		{994BC637-10A2-468A-959E-4866D9A87F28}.Ad-Hoc|x86.Deploy.0 = Release|x86
		{994BC637-10A2-468A-959E-4866D9A87F28}.AppStore|Any CPU.ActiveCfg = Release|x86
		{994BC637-10A2-468A-959E-4866D9A87F28}.AppStore|Any CPU.Build.0 = Release|x86
		{994BC637-10A2-468A-959E-4866D9A87F28}.AppStore|Any CPU.Deploy.0 = Release|x86
		{994BC637-10A2-468A-959E-4866D9A87F28}.AppStore|ARM.ActiveCfg = Release|ARM
		{994BC637-10A2-468A-959E-4866D9A87F28}.AppStore|ARM.Build.0 = Release|ARM
		{994BC637-10A2-468A-959E-4866D9A87F28}.AppStore|ARM.Deploy.0 = Release|ARM
		{994BC637-10A2-468A-959E-4866D9A87F28}.AppStore|iPhone.ActiveCfg = Release|x86
		{994BC637-10A2-468A-959E-4866D9A87F28}.AppStore|iPhone.Build.0 = Release|x86
		{994BC637-10A2-468A-959E-4866D9A87F28}.AppStore|iPhone.Deploy.0 = Release|x86
		{994BC637-10A2-468A-959E-4866D9A87F28}.AppStore|iPhoneSimulator.ActiveCfg = Release|x86
		{994BC637-10A2-468A-959E-4866D9A87F28}.AppStore|iPhoneSimulator.Build.0 = Release|x86
		{994BC637-10A2-468A-959E-4866D9A87F28}.AppStore|iPhoneSimulator.Deploy.0 = Release|x86
		{994BC637-10A2-468A-959E-4866D9A87F28}.AppStore|x64.ActiveCfg = Release|x64
		{994BC637-10A2-468A-959E-4866D9A87F28}.AppStore|x64.Build.0 = Release|x64
		{994BC637-10A2-468A-959E-4866D9A87F28}.AppStore|x64.Deploy.0 = Release|x64
		{994BC637-10A2-468A-959E-4866D9A87F28}.AppStore|x86.ActiveCfg = Release|x86
		{994BC637-10A2-468A-959E-4866D9A87F28}.AppStore|x86.Build.0 = Release|x86
		{994BC637-10A2-468A-959E-4866D9A87F28}.AppStore|x86.Deploy.0 = Release|x86
		{994BC637-10A2-468A-959E-4866D9A87F28}.Debug|Any CPU.ActiveCfg = Debug|x86
		{994BC637-10A2-468A-959E-4866D9A87F28}.Debug|Any CPU.Build.0 = Debug|x86
		{994BC637-10A2-468A-959E-4866D9A87F28}.Debug|Any CPU.Deploy.0 = Debug|x86
		{994BC637-10A2-468A-959E-4866D9A87F28}.Debug|ARM.ActiveCfg = Debug|ARM
		{994BC637-10A2-468A-959E-4866D9A87F28}.Debug|ARM.Build.0 = Debug|ARM
		{994BC637-10A2-468A-959E-4866D9A87F28}.Debug|ARM.Deploy.0 = Debug|ARM
		{994BC637-10A2-468A-959E-4866D9A87F28}.Debug|iPhone.ActiveCfg = Debug|x86
		{994BC637-10A2-468A-959E-4866D9A87F28}.Debug|iPhone.Build.0 = Debug|x86
		{994BC637-10A2-468A-959E-4866D9A87F28}.Debug|iPhone.Deploy.0 = Debug|x86
		{994BC637-10A2-468A-959E-4866D9A87F28}.Debug|iPhoneSimulator.ActiveCfg = Debug|x86
		{994BC637-10A2-468A-959E-4866D9A87F28}.Debug|iPhoneSimulator.Build.0 = Debug|x86
		{994BC637-10A2-468A-959E-4866D9A87F28}.Debug|iPhoneSimulator.Deploy.0 = Debug|x86
		{994BC637-10A2-468A-959E-4866D9A87F28}.Debug|x64.ActiveCfg = Debug|x64
		{994BC637-10A2-468A-959E-4866D9A87F28}.Debug|x64.Build.0 = Debug|x64
		{994BC637-10A2-468A-959E-4866D9A87F28}.Debug|x64.Deploy.0 = Debug|x64
		{994BC637-10A2-468A-959E-4866D9A87F28}.Debug|x86.ActiveCfg = Debug|x86
		{994BC637-10A2-468A-959E-4866D9A87F28}.Debug|x86.Build.0 = Debug|x86
		{994BC637-10A2-468A-959E-4866D9A87F28}.Debug|x86.Deploy.0 = Debug|x86
		{994BC637-10A2-468A-959E-4866D9A87F28}.Release|Any CPU.ActiveCfg = Release|x86
		{994BC637-10A2-468A-959E-4866D9A87F28}.Release|Any CPU.Build.0 = Release|x86
		{994BC637-10A2-468A-959E-4866D9A87F28}.Release|Any CPU.Deploy.0 = Release|x86
		{994BC637-10A2-468A-959E-4866D9A87F28}.Release|ARM.ActiveCfg = Release|ARM
		{994BC637-10A2-468A-959E-4866D9A87F28}.Release|ARM.Build.0 = Release|ARM
		{994BC637-10A2-468A-959E-4866D9A87F28}.Release|ARM.Deploy.0 = Release|ARM
		{994BC637-10A2-468A-959E-4866D9A87F28}.Release|iPhone.ActiveCfg = Release|x86
		{994BC637-10A2-468A-959E-4866D9A87F28}.Release|iPhone.Build.0 = Release|x86
		{994BC637-10A2-468A-959E-4866D9A87F28}.Release|iPhone.Deploy.0 = Release|x86
		{994BC637-10A2-468A-959E-4866D9A87F28}.Release|iPhoneSimulator.ActiveCfg = Release|x86
		{994BC637-10A2-468A-959E-4866D9A87F28}.Release|iPhoneSimulator.Build.0 = Release|x86
		{994BC637-10A2-468A-959E-4866D9A87F28}.Release|iPhoneSimulator.Deploy.0 = Release|x86
		{994BC637-10A2-468A-959E-4866D9A87F28}.Release|x64.ActiveCfg = Release|x64
		{994BC637-10A2-468A-959E-4866D9A87F28}.Release|x64.Build.0 = Release|x64
		{994BC637-10A2-468A-959E-4866D9A87F28}.Release|x64.Deploy.0 = Release|x64
		{994BC637-10A2-468A-959E-4866D9A87F28}.Release|x86.ActiveCfg = Release|x86
		{994BC637-10A2-468A-959E-4866D9A87F28}.Release|x86.Build.0 = Release|x86
		{994BC637-10A2-468A-959E-4866D9A87F28}.Release|x86.Deploy.0 = Release|x86
		{7CABC3CF-9241-452F-87F5-44D2F7475F02}.Ad-Hoc|Any CPU.ActiveCfg = Debug|Any CPU
		{7CABC3CF-9241-452F-87F5-44D2F7475F02}.Ad-Hoc|Any CPU.Build.0 = Debug|Any CPU
		{7CABC3CF-9241-452F-87F5-44D2F7475F02}.Ad-Hoc|Any CPU.Deploy.0 = Debug|Any CPU
		{7CABC3CF-9241-452F-87F5-44D2F7475F02}.Ad-Hoc|ARM.ActiveCfg = Debug|Any CPU
		{7CABC3CF-9241-452F-87F5-44D2F7475F02}.Ad-Hoc|ARM.Build.0 = Debug|Any CPU
		{7CABC3CF-9241-452F-87F5-44D2F7475F02}.Ad-Hoc|ARM.Deploy.0 = Debug|Any CPU
		{7CABC3CF-9241-452F-87F5-44D2F7475F02}.Ad-Hoc|iPhone.ActiveCfg = Debug|Any CPU
		{7CABC3CF-9241-452F-87F5-44D2F7475F02}.Ad-Hoc|iPhone.Build.0 = Debug|Any CPU
		{7CABC3CF-9241-452F-87F5-44D2F7475F02}.Ad-Hoc|iPhone.Deploy.0 = Debug|Any CPU
		{7CABC3CF-9241-452F-87F5-44D2F7475F02}.Ad-Hoc|iPhoneSimulator.ActiveCfg = Debug|Any CPU
		{7CABC3CF-9241-452F-87F5-44D2F7475F02}.Ad-Hoc|iPhoneSimulator.Build.0 = Debug|Any CPU
		{7CABC3CF-9241-452F-87F5-44D2F7475F02}.Ad-Hoc|iPhoneSimulator.Deploy.0 = Debug|Any CPU
		{7CABC3CF-9241-452F-87F5-44D2F7475F02}.Ad-Hoc|x64.ActiveCfg = Debug|Any CPU
		{7CABC3CF-9241-452F-87F5-44D2F7475F02}.Ad-Hoc|x64.Build.0 = Debug|Any CPU
		{7CABC3CF-9241-452F-87F5-44D2F7475F02}.Ad-Hoc|x64.Deploy.0 = Debug|Any CPU
		{7CABC3CF-9241-452F-87F5-44D2F7475F02}.Ad-Hoc|x86.ActiveCfg = Debug|Any CPU
		{7CABC3CF-9241-452F-87F5-44D2F7475F02}.Ad-Hoc|x86.Build.0 = Debug|Any CPU
		{7CABC3CF-9241-452F-87F5-44D2F7475F02}.Ad-Hoc|x86.Deploy.0 = Debug|Any CPU
		{7CABC3CF-9241-452F-87F5-44D2F7475F02}.AppStore|Any CPU.ActiveCfg = Debug|Any CPU
		{7CABC3CF-9241-452F-87F5-44D2F7475F02}.AppStore|Any CPU.Build.0 = Debug|Any CPU
		{7CABC3CF-9241-452F-87F5-44D2F7475F02}.AppStore|Any CPU.Deploy.0 = Debug|Any CPU
		{7CABC3CF-9241-452F-87F5-44D2F7475F02}.AppStore|ARM.ActiveCfg = Debug|Any CPU
		{7CABC3CF-9241-452F-87F5-44D2F7475F02}.AppStore|ARM.Build.0 = Debug|Any CPU
		{7CABC3CF-9241-452F-87F5-44D2F7475F02}.AppStore|ARM.Deploy.0 = Debug|Any CPU
		{7CABC3CF-9241-452F-87F5-44D2F7475F02}.AppStore|iPhone.ActiveCfg = Debug|Any CPU
		{7CABC3CF-9241-452F-87F5-44D2F7475F02}.AppStore|iPhone.Build.0 = Debug|Any CPU
		{7CABC3CF-9241-452F-87F5-44D2F7475F02}.AppStore|iPhone.Deploy.0 = Debug|Any CPU
		{7CABC3CF-9241-452F-87F5-44D2F7475F02}.AppStore|iPhoneSimulator.ActiveCfg = Debug|Any CPU
		{7CABC3CF-9241-452F-87F5-44D2F7475F02}.AppStore|iPhoneSimulator.Build.0 = Debug|Any CPU
		{7CABC3CF-9241-452F-87F5-44D2F7475F02}.AppStore|iPhoneSimulator.Deploy.0 = Debug|Any CPU
		{7CABC3CF-9241-452F-87F5-44D2F7475F02}.AppStore|x64.ActiveCfg = Debug|Any CPU
		{7CABC3CF-9241-452F-87F5-44D2F7475F02}.AppStore|x64.Build.0 = Debug|Any CPU
		{7CABC3CF-9241-452F-87F5-44D2F7475F02}.AppStore|x64.Deploy.0 = Debug|Any CPU
		{7CABC3CF-9241-452F-87F5-44D2F7475F02}.AppStore|x86.ActiveCfg = Debug|Any CPU
		{7CABC3CF-9241-452F-87F5-44D2F7475F02}.AppStore|x86.Build.0 = Debug|Any CPU
		{7CABC3CF-9241-452F-87F5-44D2F7475F02}.AppStore|x86.Deploy.0 = Debug|Any CPU
		{7CABC3CF-9241-452F-87F5-44D2F7475F02}.Debug|Any CPU.ActiveCfg = Debug|Any CPU
		{7CABC3CF-9241-452F-87F5-44D2F7475F02}.Debug|Any CPU.Build.0 = Debug|Any CPU
		{7CABC3CF-9241-452F-87F5-44D2F7475F02}.Debug|Any CPU.Deploy.0 = Debug|Any CPU
		{7CABC3CF-9241-452F-87F5-44D2F7475F02}.Debug|ARM.ActiveCfg = Debug|Any CPU
		{7CABC3CF-9241-452F-87F5-44D2F7475F02}.Debug|ARM.Build.0 = Debug|Any CPU
		{7CABC3CF-9241-452F-87F5-44D2F7475F02}.Debug|ARM.Deploy.0 = Debug|Any CPU
		{7CABC3CF-9241-452F-87F5-44D2F7475F02}.Debug|iPhone.ActiveCfg = Debug|Any CPU
		{7CABC3CF-9241-452F-87F5-44D2F7475F02}.Debug|iPhone.Build.0 = Debug|Any CPU
		{7CABC3CF-9241-452F-87F5-44D2F7475F02}.Debug|iPhone.Deploy.0 = Debug|Any CPU
		{7CABC3CF-9241-452F-87F5-44D2F7475F02}.Debug|iPhoneSimulator.ActiveCfg = Debug|Any CPU
		{7CABC3CF-9241-452F-87F5-44D2F7475F02}.Debug|iPhoneSimulator.Build.0 = Debug|Any CPU
		{7CABC3CF-9241-452F-87F5-44D2F7475F02}.Debug|iPhoneSimulator.Deploy.0 = Debug|Any CPU
		{7CABC3CF-9241-452F-87F5-44D2F7475F02}.Debug|x64.ActiveCfg = Debug|Any CPU
		{7CABC3CF-9241-452F-87F5-44D2F7475F02}.Debug|x64.Build.0 = Debug|Any CPU
		{7CABC3CF-9241-452F-87F5-44D2F7475F02}.Debug|x64.Deploy.0 = Debug|Any CPU
		{7CABC3CF-9241-452F-87F5-44D2F7475F02}.Debug|x86.ActiveCfg = Debug|Any CPU
		{7CABC3CF-9241-452F-87F5-44D2F7475F02}.Debug|x86.Build.0 = Debug|Any CPU
		{7CABC3CF-9241-452F-87F5-44D2F7475F02}.Debug|x86.Deploy.0 = Debug|Any CPU
		{7CABC3CF-9241-452F-87F5-44D2F7475F02}.Release|Any CPU.ActiveCfg = Release|Any CPU
		{7CABC3CF-9241-452F-87F5-44D2F7475F02}.Release|Any CPU.Build.0 = Release|Any CPU
		{7CABC3CF-9241-452F-87F5-44D2F7475F02}.Release|Any CPU.Deploy.0 = Release|Any CPU
		{7CABC3CF-9241-452F-87F5-44D2F7475F02}.Release|ARM.ActiveCfg = Release|Any CPU
		{7CABC3CF-9241-452F-87F5-44D2F7475F02}.Release|ARM.Build.0 = Release|Any CPU
		{7CABC3CF-9241-452F-87F5-44D2F7475F02}.Release|ARM.Deploy.0 = Release|Any CPU
		{7CABC3CF-9241-452F-87F5-44D2F7475F02}.Release|iPhone.ActiveCfg = Release|Any CPU
		{7CABC3CF-9241-452F-87F5-44D2F7475F02}.Release|iPhone.Build.0 = Release|Any CPU
		{7CABC3CF-9241-452F-87F5-44D2F7475F02}.Release|iPhone.Deploy.0 = Release|Any CPU
		{7CABC3CF-9241-452F-87F5-44D2F7475F02}.Release|iPhoneSimulator.ActiveCfg = Release|Any CPU
		{7CABC3CF-9241-452F-87F5-44D2F7475F02}.Release|iPhoneSimulator.Build.0 = Release|Any CPU
		{7CABC3CF-9241-452F-87F5-44D2F7475F02}.Release|iPhoneSimulator.Deploy.0 = Release|Any CPU
		{7CABC3CF-9241-452F-87F5-44D2F7475F02}.Release|x64.ActiveCfg = Release|Any CPU
		{7CABC3CF-9241-452F-87F5-44D2F7475F02}.Release|x64.Build.0 = Release|Any CPU
		{7CABC3CF-9241-452F-87F5-44D2F7475F02}.Release|x64.Deploy.0 = Release|Any CPU
		{7CABC3CF-9241-452F-87F5-44D2F7475F02}.Release|x86.ActiveCfg = Release|Any CPU
		{7CABC3CF-9241-452F-87F5-44D2F7475F02}.Release|x86.Build.0 = Release|Any CPU
		{7CABC3CF-9241-452F-87F5-44D2F7475F02}.Release|x86.Deploy.0 = Release|Any CPU
	EndGlobalSection
	GlobalSection(SolutionProperties) = preSolution
		HideSolutionNode = FALSE
	EndGlobalSection
	GlobalSection(ExtensibilityGlobals) = postSolution
		SolutionGuid = {F8CE2329-27CF-4C66-A8FB-DAA5DD1BA34C}
	EndGlobalSection
EndGlobal
